// !$*UTF8*$!
{
	archiveVersion = 1;
	classes = {
	};
	objectVersion = 46;
	objects = {

/* Begin PBXBuildFile section */
		A263F6642372ECE0064C802E /* libPods-TestAppUITests.a in Frameworks */ = {isa = PBXBuildFile; fileRef = 077FB45D0DD0C67AA184C628 /* libPods-TestAppUITests.a */; };
		A93488321F7BF128006D4467 /* ItemsResponseModal.m in Sources */ = {isa = PBXBuildFile; fileRef = A93488311F7BF128006D4467 /* ItemsResponseModal.m */; };
		A93488351F7BF317006D4467 /* ItemModal.m in Sources */ = {isa = PBXBuildFile; fileRef = A93488341F7BF317006D4467 /* ItemModal.m */; };
		A98322941F792557005123FB /* ListViewController.m in Sources */ = {isa = PBXBuildFile; fileRef = A98322921F792557005123FB /* ListViewController.m */; };
		A98322951F792557005123FB /* ListViewController.xib in Resources */ = {isa = PBXBuildFile; fileRef = A98322931F792557005123FB /* ListViewController.xib */; };
		A98322991F792576005123FB /* ListCellTableViewCell.m in Sources */ = {isa = PBXBuildFile; fileRef = A98322971F792576005123FB /* ListCellTableViewCell.m */; };
		A983229A1F792576005123FB /* ListCellTableViewCell.xib in Resources */ = {isa = PBXBuildFile; fileRef = A98322981F792576005123FB /* ListCellTableViewCell.xib */; };
		A983229E1F7925D9005123FB /* ServicesDispatcher.m in Sources */ = {isa = PBXBuildFile; fileRef = A983229C1F7925D9005123FB /* ServicesDispatcher.m */; };
		A98322A11F792608005123FB /* AppDelegate.m in Sources */ = {isa = PBXBuildFile; fileRef = A98322A01F792608005123FB /* AppDelegate.m */; };
		A98322A71F792654005123FB /* IQKeyboardService.m in Sources */ = {isa = PBXBuildFile; fileRef = A98322A61F792654005123FB /* IQKeyboardService.m */; };
		A98322AA1F7927BA005123FB /* Message.m in Sources */ = {isa = PBXBuildFile; fileRef = A98322A91F7927BA005123FB /* Message.m */; };
		A98322AD1F7927E0005123FB /* Activity.m in Sources */ = {isa = PBXBuildFile; fileRef = A98322AC1F7927E0005123FB /* Activity.m */; };
		A98322B01F792800005123FB /* Configurator.m in Sources */ = {isa = PBXBuildFile; fileRef = A98322AF1F792800005123FB /* Configurator.m */; };
		A98322B31F79285A005123FB /* APIClient.m in Sources */ = {isa = PBXBuildFile; fileRef = A98322B21F79285A005123FB /* APIClient.m */; };
		A98322B61F7928CB005123FB /* RootControllerService.m in Sources */ = {isa = PBXBuildFile; fileRef = A98322B51F7928CB005123FB /* RootControllerService.m */; };
		A98322BC1F794BE2005123FB /* right-arrow@1x.png in Resources */ = {isa = PBXBuildFile; fileRef = A98322B91F794BE2005123FB /* right-arrow@1x.png */; };
		A98322BD1F794BE2005123FB /* right-arrow@2x.png in Resources */ = {isa = PBXBuildFile; fileRef = A98322BA1F794BE2005123FB /* right-arrow@2x.png */; };
		A98322BE1F794BE2005123FB /* right-arrow@3x.png in Resources */ = {isa = PBXBuildFile; fileRef = A98322BB1F794BE2005123FB /* right-arrow@3x.png */; };
		A98322C11F79538E005123FB /* QRCodeViewController.m in Sources */ = {isa = PBXBuildFile; fileRef = A98322BF1F79538E005123FB /* QRCodeViewController.m */; };
		A98322C51F7971C7005123FB /* QRCodeViewController.xib in Resources */ = {isa = PBXBuildFile; fileRef = A98322C41F7971C6005123FB /* QRCodeViewController.xib */; };
		A98322C71F79743B005123FB /* happy.png in Resources */ = {isa = PBXBuildFile; fileRef = A98322C61F79743B005123FB /* happy.png */; };
		A9C48A0D1F7FB118007780F9 /* DetailViewController.m in Sources */ = {isa = PBXBuildFile; fileRef = A9C48A0B1F7FB118007780F9 /* DetailViewController.m */; };
		A9C48A0E1F7FB118007780F9 /* DetailViewController.xib in Resources */ = {isa = PBXBuildFile; fileRef = A9C48A0C1F7FB118007780F9 /* DetailViewController.xib */; };
		A9C48A121F7FB95D007780F9 /* FaceBookService.m in Sources */ = {isa = PBXBuildFile; fileRef = A9C48A111F7FB95D007780F9 /* FaceBookService.m */; };
		A9C48A151F7FBA3B007780F9 /* FBSDKCoreKit.framework in Frameworks */ = {isa = PBXBuildFile; fileRef = A9C48A131F7FBA3B007780F9 /* FBSDKCoreKit.framework */; };
		A9C48A161F7FBA3B007780F9 /* FBSDKLoginKit.framework in Frameworks */ = {isa = PBXBuildFile; fileRef = A9C48A141F7FBA3B007780F9 /* FBSDKLoginKit.framework */; };
		A9C48A1B1F7FBAA4007780F9 /* LoginViewController.m in Sources */ = {isa = PBXBuildFile; fileRef = A9C48A191F7FBAA4007780F9 /* LoginViewController.m */; };
		A9C48A1C1F7FBAA4007780F9 /* LoginViewController.xib in Resources */ = {isa = PBXBuildFile; fileRef = A9C48A1A1F7FBAA4007780F9 /* LoginViewController.xib */; };
		A9C48A1E1F7FC381007780F9 /* Bolts.framework in Frameworks */ = {isa = PBXBuildFile; fileRef = A9C48A1D1F7FC381007780F9 /* Bolts.framework */; };
		A9C48A2A1F7FE304007780F9 /* TestNavigationViewController.m in Sources */ = {isa = PBXBuildFile; fileRef = A9C48A291F7FE304007780F9 /* TestNavigationViewController.m */; };
		A9C48A311F7FE825007780F9 /* Localizable.strings in Resources */ = {isa = PBXBuildFile; fileRef = A9C48A331F7FE825007780F9 /* Localizable.strings */; };
		A9C48A3F1F7FE985007780F9 /* LanguageManager.m in Sources */ = {isa = PBXBuildFile; fileRef = A9C48A3C1F7FE985007780F9 /* LanguageManager.m */; };
		A9C48A401F7FE985007780F9 /* NSBundle+Language.m in Sources */ = {isa = PBXBuildFile; fileRef = A9C48A3E1F7FE985007780F9 /* NSBundle+Language.m */; };
		A9C48A451F7FEA59007780F9 /* SettingsViewController.m in Sources */ = {isa = PBXBuildFile; fileRef = A9C48A431F7FEA59007780F9 /* SettingsViewController.m */; };
		A9C48A471F7FEAE5007780F9 /* SettingsViewController.xib in Resources */ = {isa = PBXBuildFile; fileRef = A9C48A491F7FEAE5007780F9 /* SettingsViewController.xib */; };
		A9CD3DEA1F79090F00D3698C /* main.m in Sources */ = {isa = PBXBuildFile; fileRef = A9CD3DE91F79090F00D3698C /* main.m */; };
		A9CD3DF51F79090F00D3698C /* Assets.xcassets in Resources */ = {isa = PBXBuildFile; fileRef = A9CD3DF41F79090F00D3698C /* Assets.xcassets */; };
		A9CD3DF81F79090F00D3698C /* LaunchScreen.storyboard in Resources */ = {isa = PBXBuildFile; fileRef = A9CD3DF61F79090F00D3698C /* LaunchScreen.storyboard */; };
		A9CD3E031F79090F00D3698C /* TestAppTests.m in Sources */ = {isa = PBXBuildFile; fileRef = A9CD3E021F79090F00D3698C /* TestAppTests.m */; };
		A9CD3E0E1F79090F00D3698C /* TestAppUITests.m in Sources */ = {isa = PBXBuildFile; fileRef = A9CD3E0D1F79090F00D3698C /* TestAppUITests.m */; };
		C35827ED5C36DD8CD0C9F621 /* libPods-TestAppTests.a in Frameworks */ = {isa = PBXBuildFile; fileRef = E576ADF44358A1AA75F1BAC8 /* libPods-TestAppTests.a */; };
		F565313B9F70F193EC04CBF4 /* libPods-TestApp.a in Frameworks */ = {isa = PBXBuildFile; fileRef = 5B23DBB9339D7359AD31B43C /* libPods-TestApp.a */; };
/* End PBXBuildFile section */

/* Begin PBXContainerItemProxy section */
		A9CD3DFF1F79090F00D3698C /* PBXContainerItemProxy */ = {
			isa = PBXContainerItemProxy;
			containerPortal = A9CD3DDD1F79090F00D3698C /* Project object */;
			proxyType = 1;
			remoteGlobalIDString = A9CD3DE41F79090F00D3698C;
			remoteInfo = TestApp;
		};
		A9CD3E0A1F79090F00D3698C /* PBXContainerItemProxy */ = {
			isa = PBXContainerItemProxy;
			containerPortal = A9CD3DDD1F79090F00D3698C /* Project object */;
			proxyType = 1;
			remoteGlobalIDString = A9CD3DE41F79090F00D3698C;
			remoteInfo = TestApp;
		};
/* End PBXContainerItemProxy section */

/* Begin PBXFileReference section */
		077FB45D0DD0C67AA184C628 /* libPods-TestAppUITests.a */ = {isa = PBXFileReference; explicitFileType = archive.ar; includeInIndex = 0; path = "libPods-TestAppUITests.a"; sourceTree = BUILT_PRODUCTS_DIR; };
		08119A597E4C1F9D1BC99893 /* Pods-TestAppTests.release.xcconfig */ = {isa = PBXFileReference; includeInIndex = 1; lastKnownFileType = text.xcconfig; name = "Pods-TestAppTests.release.xcconfig"; path = "Pods/Target Support Files/Pods-TestAppTests/Pods-TestAppTests.release.xcconfig"; sourceTree = "<group>"; };
		27897C09532786EA79986155 /* Pods-TestAppTests.debug.xcconfig */ = {isa = PBXFileReference; includeInIndex = 1; lastKnownFileType = text.xcconfig; name = "Pods-TestAppTests.debug.xcconfig"; path = "Pods/Target Support Files/Pods-TestAppTests/Pods-TestAppTests.debug.xcconfig"; sourceTree = "<group>"; };
		2C971E0A33ABB9E287040C5D /* Pods-TestAppUITests.release.xcconfig */ = {isa = PBXFileReference; includeInIndex = 1; lastKnownFileType = text.xcconfig; name = "Pods-TestAppUITests.release.xcconfig"; path = "Pods/Target Support Files/Pods-TestAppUITests/Pods-TestAppUITests.release.xcconfig"; sourceTree = "<group>"; };
		5B23DBB9339D7359AD31B43C /* libPods-TestApp.a */ = {isa = PBXFileReference; explicitFileType = archive.ar; includeInIndex = 0; path = "libPods-TestApp.a"; sourceTree = BUILT_PRODUCTS_DIR; };
		A93488301F7BF128006D4467 /* ItemsResponseModal.h */ = {isa = PBXFileReference; fileEncoding = 4; lastKnownFileType = sourcecode.c.h; path = ItemsResponseModal.h; sourceTree = "<group>"; };
		A93488311F7BF128006D4467 /* ItemsResponseModal.m */ = {isa = PBXFileReference; fileEncoding = 4; lastKnownFileType = sourcecode.c.objc; path = ItemsResponseModal.m; sourceTree = "<group>"; };
		A93488331F7BF317006D4467 /* ItemModal.h */ = {isa = PBXFileReference; fileEncoding = 4; lastKnownFileType = sourcecode.c.h; path = ItemModal.h; sourceTree = "<group>"; };
		A93488341F7BF317006D4467 /* ItemModal.m */ = {isa = PBXFileReference; fileEncoding = 4; lastKnownFileType = sourcecode.c.objc; path = ItemModal.m; sourceTree = "<group>"; };
		A98322911F792557005123FB /* ListViewController.h */ = {isa = PBXFileReference; fileEncoding = 4; lastKnownFileType = sourcecode.c.h; path = ListViewController.h; sourceTree = "<group>"; };
		A98322921F792557005123FB /* ListViewController.m */ = {isa = PBXFileReference; fileEncoding = 4; lastKnownFileType = sourcecode.c.objc; path = ListViewController.m; sourceTree = "<group>"; };
		A98322931F792557005123FB /* ListViewController.xib */ = {isa = PBXFileReference; fileEncoding = 4; lastKnownFileType = file.xib; path = ListViewController.xib; sourceTree = "<group>"; };
		A98322961F792576005123FB /* ListCellTableViewCell.h */ = {isa = PBXFileReference; fileEncoding = 4; lastKnownFileType = sourcecode.c.h; path = ListCellTableViewCell.h; sourceTree = "<group>"; };
		A98322971F792576005123FB /* ListCellTableViewCell.m */ = {isa = PBXFileReference; fileEncoding = 4; lastKnownFileType = sourcecode.c.objc; path = ListCellTableViewCell.m; sourceTree = "<group>"; };
		A98322981F792576005123FB /* ListCellTableViewCell.xib */ = {isa = PBXFileReference; fileEncoding = 4; lastKnownFileType = file.xib; path = ListCellTableViewCell.xib; sourceTree = "<group>"; };
		A983229C1F7925D9005123FB /* ServicesDispatcher.m */ = {isa = PBXFileReference; fileEncoding = 4; lastKnownFileType = sourcecode.c.objc; path = ServicesDispatcher.m; sourceTree = "<group>"; };
		A983229D1F7925D9005123FB /* ServicesDispatcher.h */ = {isa = PBXFileReference; fileEncoding = 4; lastKnownFileType = sourcecode.c.h; path = ServicesDispatcher.h; sourceTree = "<group>"; };
		A98322A01F792608005123FB /* AppDelegate.m */ = {isa = PBXFileReference; fileEncoding = 4; lastKnownFileType = sourcecode.c.objc; path = AppDelegate.m; sourceTree = "<group>"; };
		A98322A31F79264A005123FB /* IActivity.h */ = {isa = PBXFileReference; lastKnownFileType = sourcecode.c.h; path = IActivity.h; sourceTree = "<group>"; };
		A98322A41F79264A005123FB /* IAlert.h */ = {isa = PBXFileReference; lastKnownFileType = sourcecode.c.h; path = IAlert.h; sourceTree = "<group>"; };
		A98322A51F792654005123FB /* IQKeyboardService.h */ = {isa = PBXFileReference; fileEncoding = 4; lastKnownFileType = sourcecode.c.h; path = IQKeyboardService.h; sourceTree = "<group>"; };
		A98322A61F792654005123FB /* IQKeyboardService.m */ = {isa = PBXFileReference; fileEncoding = 4; lastKnownFileType = sourcecode.c.objc; path = IQKeyboardService.m; sourceTree = "<group>"; };
		A98322A81F7927BA005123FB /* Message.h */ = {isa = PBXFileReference; fileEncoding = 4; lastKnownFileType = sourcecode.c.h; path = Message.h; sourceTree = "<group>"; };
		A98322A91F7927BA005123FB /* Message.m */ = {isa = PBXFileReference; fileEncoding = 4; lastKnownFileType = sourcecode.c.objc; path = Message.m; sourceTree = "<group>"; };
		A98322AB1F7927E0005123FB /* Activity.h */ = {isa = PBXFileReference; fileEncoding = 4; lastKnownFileType = sourcecode.c.h; path = Activity.h; sourceTree = "<group>"; };
		A98322AC1F7927E0005123FB /* Activity.m */ = {isa = PBXFileReference; fileEncoding = 4; lastKnownFileType = sourcecode.c.objc; path = Activity.m; sourceTree = "<group>"; };
		A98322AE1F792800005123FB /* Configurator.h */ = {isa = PBXFileReference; fileEncoding = 4; lastKnownFileType = sourcecode.c.h; path = Configurator.h; sourceTree = "<group>"; };
		A98322AF1F792800005123FB /* Configurator.m */ = {isa = PBXFileReference; fileEncoding = 4; lastKnownFileType = sourcecode.c.objc; path = Configurator.m; sourceTree = "<group>"; };
		A98322B11F792850005123FB /* APIClient.h */ = {isa = PBXFileReference; lastKnownFileType = sourcecode.c.h; path = APIClient.h; sourceTree = "<group>"; };
		A98322B21F79285A005123FB /* APIClient.m */ = {isa = PBXFileReference; fileEncoding = 4; lastKnownFileType = sourcecode.c.objc; path = APIClient.m; sourceTree = "<group>"; };
		A98322B41F7928CB005123FB /* RootControllerService.h */ = {isa = PBXFileReference; fileEncoding = 4; lastKnownFileType = sourcecode.c.h; path = RootControllerService.h; sourceTree = "<group>"; };
		A98322B51F7928CB005123FB /* RootControllerService.m */ = {isa = PBXFileReference; fileEncoding = 4; lastKnownFileType = sourcecode.c.objc; path = RootControllerService.m; sourceTree = "<group>"; };
		A98322B71F792E58005123FB /* IListOutputDelegate.h */ = {isa = PBXFileReference; lastKnownFileType = sourcecode.c.h; path = IListOutputDelegate.h; sourceTree = "<group>"; };
		A98322B91F794BE2005123FB /* right-arrow@1x.png */ = {isa = PBXFileReference; lastKnownFileType = image.png; path = "right-arrow@1x.png"; sourceTree = "<group>"; };
		A98322BA1F794BE2005123FB /* right-arrow@2x.png */ = {isa = PBXFileReference; lastKnownFileType = image.png; path = "right-arrow@2x.png"; sourceTree = "<group>"; };
		A98322BB1F794BE2005123FB /* right-arrow@3x.png */ = {isa = PBXFileReference; lastKnownFileType = image.png; path = "right-arrow@3x.png"; sourceTree = "<group>"; };
		A98322BF1F79538E005123FB /* QRCodeViewController.m */ = {isa = PBXFileReference; fileEncoding = 4; lastKnownFileType = sourcecode.c.objc; path = QRCodeViewController.m; sourceTree = "<group>"; };
		A98322C01F79538E005123FB /* QRCodeViewController.h */ = {isa = PBXFileReference; fileEncoding = 4; lastKnownFileType = sourcecode.c.h; path = QRCodeViewController.h; sourceTree = "<group>"; };
		A98322C41F7971C6005123FB /* QRCodeViewController.xib */ = {isa = PBXFileReference; fileEncoding = 4; lastKnownFileType = file.xib; path = QRCodeViewController.xib; sourceTree = "<group>"; };
		A98322C61F79743B005123FB /* happy.png */ = {isa = PBXFileReference; lastKnownFileType = image.png; path = happy.png; sourceTree = "<group>"; };
		A9C48A0A1F7FB118007780F9 /* DetailViewController.h */ = {isa = PBXFileReference; fileEncoding = 4; lastKnownFileType = sourcecode.c.h; path = DetailViewController.h; sourceTree = "<group>"; };
		A9C48A0B1F7FB118007780F9 /* DetailViewController.m */ = {isa = PBXFileReference; fileEncoding = 4; lastKnownFileType = sourcecode.c.objc; path = DetailViewController.m; sourceTree = "<group>"; };
		A9C48A0C1F7FB118007780F9 /* DetailViewController.xib */ = {isa = PBXFileReference; fileEncoding = 4; lastKnownFileType = file.xib; path = DetailViewController.xib; sourceTree = "<group>"; };
		A9C48A101F7FB95D007780F9 /* FaceBookService.h */ = {isa = PBXFileReference; fileEncoding = 4; lastKnownFileType = sourcecode.c.h; path = FaceBookService.h; sourceTree = "<group>"; };
		A9C48A111F7FB95D007780F9 /* FaceBookService.m */ = {isa = PBXFileReference; fileEncoding = 4; lastKnownFileType = sourcecode.c.objc; path = FaceBookService.m; sourceTree = "<group>"; };
		A9C48A131F7FBA3B007780F9 /* FBSDKCoreKit.framework */ = {isa = PBXFileReference; lastKnownFileType = wrapper.framework; path = FBSDKCoreKit.framework; sourceTree = "<group>"; };
		A9C48A141F7FBA3B007780F9 /* FBSDKLoginKit.framework */ = {isa = PBXFileReference; lastKnownFileType = wrapper.framework; path = FBSDKLoginKit.framework; sourceTree = "<group>"; };
		A9C48A181F7FBAA4007780F9 /* LoginViewController.h */ = {isa = PBXFileReference; fileEncoding = 4; lastKnownFileType = sourcecode.c.h; path = LoginViewController.h; sourceTree = "<group>"; };
		A9C48A191F7FBAA4007780F9 /* LoginViewController.m */ = {isa = PBXFileReference; fileEncoding = 4; lastKnownFileType = sourcecode.c.objc; path = LoginViewController.m; sourceTree = "<group>"; };
		A9C48A1A1F7FBAA4007780F9 /* LoginViewController.xib */ = {isa = PBXFileReference; fileEncoding = 4; lastKnownFileType = file.xib; path = LoginViewController.xib; sourceTree = "<group>"; };
		A9C48A1D1F7FC381007780F9 /* Bolts.framework */ = {isa = PBXFileReference; lastKnownFileType = wrapper.framework; path = Bolts.framework; sourceTree = "<group>"; };
		A9C48A261F7FD8DD007780F9 /* TestApp.entitlements */ = {isa = PBXFileReference; lastKnownFileType = text.plist.entitlements; path = TestApp.entitlements; sourceTree = "<group>"; };
		A9C48A281F7FE304007780F9 /* TestNavigationViewController.h */ = {isa = PBXFileReference; fileEncoding = 4; lastKnownFileType = sourcecode.c.h; path = TestNavigationViewController.h; sourceTree = "<group>"; };
		A9C48A291F7FE304007780F9 /* TestNavigationViewController.m */ = {isa = PBXFileReference; fileEncoding = 4; lastKnownFileType = sourcecode.c.objc; path = TestNavigationViewController.m; sourceTree = "<group>"; };
		A9C48A2E1F7FE6CC007780F9 /* ar */ = {isa = PBXFileReference; lastKnownFileType = text.plist.strings; name = ar; path = ar.lproj/LaunchScreen.strings; sourceTree = "<group>"; };
		A9C48A2F1F7FE6FC007780F9 /* ml-IN */ = {isa = PBXFileReference; lastKnownFileType = text.plist.strings; name = "ml-IN"; path = "ml-IN.lproj/LaunchScreen.strings"; sourceTree = "<group>"; };
		A9C48A301F7FE717007780F9 /* hi-IN */ = {isa = PBXFileReference; lastKnownFileType = text.plist.strings; name = "hi-IN"; path = "hi-IN.lproj/LaunchScreen.strings"; sourceTree = "<group>"; };
		A9C48A321F7FE825007780F9 /* Base */ = {isa = PBXFileReference; lastKnownFileType = text.plist.strings; name = Base; path = Base.lproj/Localizable.strings; sourceTree = "<group>"; };
		A9C48A341F7FE833007780F9 /* en */ = {isa = PBXFileReference; lastKnownFileType = text.plist.strings; name = en; path = en.lproj/Localizable.strings; sourceTree = "<group>"; };
		A9C48A351F7FE834007780F9 /* ar */ = {isa = PBXFileReference; lastKnownFileType = text.plist.strings; name = ar; path = ar.lproj/Localizable.strings; sourceTree = "<group>"; };
		A9C48A361F7FE835007780F9 /* ml-IN */ = {isa = PBXFileReference; lastKnownFileType = text.plist.strings; name = "ml-IN"; path = "ml-IN.lproj/Localizable.strings"; sourceTree = "<group>"; };
		A9C48A371F7FE836007780F9 /* hi-IN */ = {isa = PBXFileReference; lastKnownFileType = text.plist.strings; name = "hi-IN"; path = "hi-IN.lproj/Localizable.strings"; sourceTree = "<group>"; };
		A9C48A3A1F7FE985007780F9 /* Defines.h */ = {isa = PBXFileReference; fileEncoding = 4; lastKnownFileType = sourcecode.c.h; path = Defines.h; sourceTree = "<group>"; };
		A9C48A3B1F7FE985007780F9 /* LanguageManager.h */ = {isa = PBXFileReference; fileEncoding = 4; lastKnownFileType = sourcecode.c.h; path = LanguageManager.h; sourceTree = "<group>"; };
		A9C48A3C1F7FE985007780F9 /* LanguageManager.m */ = {isa = PBXFileReference; fileEncoding = 4; lastKnownFileType = sourcecode.c.objc; path = LanguageManager.m; sourceTree = "<group>"; };
		A9C48A3D1F7FE985007780F9 /* NSBundle+Language.h */ = {isa = PBXFileReference; fileEncoding = 4; lastKnownFileType = sourcecode.c.h; path = "NSBundle+Language.h"; sourceTree = "<group>"; };
		A9C48A3E1F7FE985007780F9 /* NSBundle+Language.m */ = {isa = PBXFileReference; fileEncoding = 4; lastKnownFileType = sourcecode.c.objc; path = "NSBundle+Language.m"; sourceTree = "<group>"; };
		A9C48A421F7FEA59007780F9 /* SettingsViewController.h */ = {isa = PBXFileReference; fileEncoding = 4; lastKnownFileType = sourcecode.c.h; path = SettingsViewController.h; sourceTree = "<group>"; };
		A9C48A431F7FEA59007780F9 /* SettingsViewController.m */ = {isa = PBXFileReference; fileEncoding = 4; lastKnownFileType = sourcecode.c.objc; path = SettingsViewController.m; sourceTree = "<group>"; };
		A9C48A481F7FEAE5007780F9 /* Base */ = {isa = PBXFileReference; lastKnownFileType = file.xib; name = Base; path = Base.lproj/SettingsViewController.xib; sourceTree = "<group>"; };
		A9C48A4B1F7FEAF6007780F9 /* en */ = {isa = PBXFileReference; lastKnownFileType = text.plist.strings; name = en; path = en.lproj/SettingsViewController.strings; sourceTree = "<group>"; };
		A9C48A4D1F7FEAF7007780F9 /* ar */ = {isa = PBXFileReference; lastKnownFileType = text.plist.strings; name = ar; path = ar.lproj/SettingsViewController.strings; sourceTree = "<group>"; };
		A9C48A4F1F7FEAF8007780F9 /* ml-IN */ = {isa = PBXFileReference; lastKnownFileType = text.plist.strings; name = "ml-IN"; path = "ml-IN.lproj/SettingsViewController.strings"; sourceTree = "<group>"; };
		A9C48A511F7FEAFC007780F9 /* hi-IN */ = {isa = PBXFileReference; lastKnownFileType = text.plist.strings; name = "hi-IN"; path = "hi-IN.lproj/SettingsViewController.strings"; sourceTree = "<group>"; };
		A9CD3DE51F79090F00D3698C /* TestApp.app */ = {isa = PBXFileReference; explicitFileType = wrapper.application; includeInIndex = 0; path = TestApp.app; sourceTree = BUILT_PRODUCTS_DIR; };
		A9CD3DE91F79090F00D3698C /* main.m */ = {isa = PBXFileReference; lastKnownFileType = sourcecode.c.objc; path = main.m; sourceTree = "<group>"; };
		A9CD3DEB1F79090F00D3698C /* AppDelegate.h */ = {isa = PBXFileReference; lastKnownFileType = sourcecode.c.h; path = AppDelegate.h; sourceTree = "<group>"; };
		A9CD3DF41F79090F00D3698C /* Assets.xcassets */ = {isa = PBXFileReference; lastKnownFileType = folder.assetcatalog; path = Assets.xcassets; sourceTree = "<group>"; };
		A9CD3DF71F79090F00D3698C /* Base */ = {isa = PBXFileReference; lastKnownFileType = file.storyboard; name = Base; path = Base.lproj/LaunchScreen.storyboard; sourceTree = "<group>"; };
		A9CD3DF91F79090F00D3698C /* Info.plist */ = {isa = PBXFileReference; lastKnownFileType = text.plist.xml; path = Info.plist; sourceTree = "<group>"; };
		A9CD3DFE1F79090F00D3698C /* TestAppTests.xctest */ = {isa = PBXFileReference; explicitFileType = wrapper.cfbundle; includeInIndex = 0; path = TestAppTests.xctest; sourceTree = BUILT_PRODUCTS_DIR; };
		A9CD3E021F79090F00D3698C /* TestAppTests.m */ = {isa = PBXFileReference; lastKnownFileType = sourcecode.c.objc; path = TestAppTests.m; sourceTree = "<group>"; };
		A9CD3E041F79090F00D3698C /* Info.plist */ = {isa = PBXFileReference; lastKnownFileType = text.plist.xml; path = Info.plist; sourceTree = "<group>"; };
		A9CD3E091F79090F00D3698C /* TestAppUITests.xctest */ = {isa = PBXFileReference; explicitFileType = wrapper.cfbundle; includeInIndex = 0; path = TestAppUITests.xctest; sourceTree = BUILT_PRODUCTS_DIR; };
		A9CD3E0D1F79090F00D3698C /* TestAppUITests.m */ = {isa = PBXFileReference; lastKnownFileType = sourcecode.c.objc; path = TestAppUITests.m; sourceTree = "<group>"; };
		A9CD3E0F1F79090F00D3698C /* Info.plist */ = {isa = PBXFileReference; lastKnownFileType = text.plist.xml; path = Info.plist; sourceTree = "<group>"; };
		CAF4568758C97FDA44ECC794 /* Pods-TestApp.release.xcconfig */ = {isa = PBXFileReference; includeInIndex = 1; lastKnownFileType = text.xcconfig; name = "Pods-TestApp.release.xcconfig"; path = "Pods/Target Support Files/Pods-TestApp/Pods-TestApp.release.xcconfig"; sourceTree = "<group>"; };
		D9E9D2315A82703D2D36E95E /* Pods-TestAppUITests.debug.xcconfig */ = {isa = PBXFileReference; includeInIndex = 1; lastKnownFileType = text.xcconfig; name = "Pods-TestAppUITests.debug.xcconfig"; path = "Pods/Target Support Files/Pods-TestAppUITests/Pods-TestAppUITests.debug.xcconfig"; sourceTree = "<group>"; };
		E576ADF44358A1AA75F1BAC8 /* libPods-TestAppTests.a */ = {isa = PBXFileReference; explicitFileType = archive.ar; includeInIndex = 0; path = "libPods-TestAppTests.a"; sourceTree = BUILT_PRODUCTS_DIR; };
		E7CC69A99506B4F2A30204B7 /* Pods-TestApp.debug.xcconfig */ = {isa = PBXFileReference; includeInIndex = 1; lastKnownFileType = text.xcconfig; name = "Pods-TestApp.debug.xcconfig"; path = "Pods/Target Support Files/Pods-TestApp/Pods-TestApp.debug.xcconfig"; sourceTree = "<group>"; };
/* End PBXFileReference section */

/* Begin PBXFrameworksBuildPhase section */
		A9CD3DE21F79090F00D3698C /* Frameworks */ = {
			isa = PBXFrameworksBuildPhase;
			buildActionMask = 2147483647;
			files = (
				F565313B9F70F193EC04CBF4 /* libPods-TestApp.a in Frameworks */,
				A9C48A151F7FBA3B007780F9 /* FBSDKCoreKit.framework in Frameworks */,
				A9C48A161F7FBA3B007780F9 /* FBSDKLoginKit.framework in Frameworks */,
				A9C48A1E1F7FC381007780F9 /* Bolts.framework in Frameworks */,
			);
			runOnlyForDeploymentPostprocessing = 0;
		};
		A9CD3DFB1F79090F00D3698C /* Frameworks */ = {
			isa = PBXFrameworksBuildPhase;
			buildActionMask = 2147483647;
			files = (
				C35827ED5C36DD8CD0C9F621 /* libPods-TestAppTests.a in Frameworks */,
			);
			runOnlyForDeploymentPostprocessing = 0;
		};
		A9CD3E061F79090F00D3698C /* Frameworks */ = {
			isa = PBXFrameworksBuildPhase;
			buildActionMask = 2147483647;
			files = (
				A263F6642372ECE0064C802E /* libPods-TestAppUITests.a in Frameworks */,
			);
			runOnlyForDeploymentPostprocessing = 0;
		};
/* End PBXFrameworksBuildPhase section */

/* Begin PBXGroup section */
		3DCE4E40206BBD95490DA5D8 /* Frameworks */ = {
			isa = PBXGroup;
			children = (
				A9C48A1D1F7FC381007780F9 /* Bolts.framework */,
				A9C48A131F7FBA3B007780F9 /* FBSDKCoreKit.framework */,
				A9C48A141F7FBA3B007780F9 /* FBSDKLoginKit.framework */,
				5B23DBB9339D7359AD31B43C /* libPods-TestApp.a */,
				E576ADF44358A1AA75F1BAC8 /* libPods-TestAppTests.a */,
				077FB45D0DD0C67AA184C628 /* libPods-TestAppUITests.a */,
			);
			name = Frameworks;
			sourceTree = "<group>";
		};
		869D155276AF9EC6F921DC5F /* Pods */ = {
			isa = PBXGroup;
			children = (
				E7CC69A99506B4F2A30204B7 /* Pods-TestApp.debug.xcconfig */,
				CAF4568758C97FDA44ECC794 /* Pods-TestApp.release.xcconfig */,
				27897C09532786EA79986155 /* Pods-TestAppTests.debug.xcconfig */,
				08119A597E4C1F9D1BC99893 /* Pods-TestAppTests.release.xcconfig */,
				D9E9D2315A82703D2D36E95E /* Pods-TestAppUITests.debug.xcconfig */,
				2C971E0A33ABB9E287040C5D /* Pods-TestAppUITests.release.xcconfig */,
			);
			name = Pods;
			sourceTree = "<group>";
		};
		A983228D1F7924D9005123FB /* Configurator */ = {
			isa = PBXGroup;
			children = (
				A98322AE1F792800005123FB /* Configurator.h */,
				A98322AF1F792800005123FB /* Configurator.m */,
			);
			name = Configurator;
			sourceTree = "<group>";
		};
		A983228E1F7924E8005123FB /* Services */ = {
			isa = PBXGroup;
			children = (
				A98322A51F792654005123FB /* IQKeyboardService.h */,
				A98322A61F792654005123FB /* IQKeyboardService.m */,
				A98322B41F7928CB005123FB /* RootControllerService.h */,
				A98322B51F7928CB005123FB /* RootControllerService.m */,
				A9C48A101F7FB95D007780F9 /* FaceBookService.h */,
				A9C48A111F7FB95D007780F9 /* FaceBookService.m */,
			);
			name = Services;
			sourceTree = "<group>";
		};
		A983228F1F7924FD005123FB /* ViewControllers */ = {
			isa = PBXGroup;
			children = (
				A9C48A411F7FEA2F007780F9 /* Settings */,
				A9C48A271F7FE2DC007780F9 /* Navigation */,
				A9C48A171F7FBA81007780F9 /* Logins */,
				A98322C31F795424005123FB /* Details */,
				A98322C21F7953DA005123FB /* QR */,
				A98322A21F79262D005123FB /* UtitlityInterfaces */,
				A983229B1F792587005123FB /* LIst */,
			);
			name = ViewControllers;
			sourceTree = "<group>";
		};
		A98322901F79250B005123FB /* ApiClient */ = {
			isa = PBXGroup;
			children = (
				A98322B11F792850005123FB /* APIClient.h */,
				A98322B21F79285A005123FB /* APIClient.m */,
			);
			name = ApiClient;
			sourceTree = "<group>";
		};
		A983229B1F792587005123FB /* LIst */ = {
			isa = PBXGroup;
			children = (
				A98322911F792557005123FB /* ListViewController.h */,
				A98322921F792557005123FB /* ListViewController.m */,
				A98322931F792557005123FB /* ListViewController.xib */,
				A98322961F792576005123FB /* ListCellTableViewCell.h */,
				A98322971F792576005123FB /* ListCellTableViewCell.m */,
				A98322981F792576005123FB /* ListCellTableViewCell.xib */,
				A98322B71F792E58005123FB /* IListOutputDelegate.h */,
				A93488301F7BF128006D4467 /* ItemsResponseModal.h */,
				A93488311F7BF128006D4467 /* ItemsResponseModal.m */,
				A93488331F7BF317006D4467 /* ItemModal.h */,
				A93488341F7BF317006D4467 /* ItemModal.m */,
			);
			name = LIst;
			sourceTree = "<group>";
		};
		A983229F1F7925DD005123FB /* Wrappers */ = {
			isa = PBXGroup;
			children = (
				A983229C1F7925D9005123FB /* ServicesDispatcher.m */,
				A983229D1F7925D9005123FB /* ServicesDispatcher.h */,
			);
			name = Wrappers;
			sourceTree = "<group>";
		};
		A98322A21F79262D005123FB /* UtitlityInterfaces */ = {
			isa = PBXGroup;
			children = (
				A98322A31F79264A005123FB /* IActivity.h */,
				A98322A41F79264A005123FB /* IAlert.h */,
				A98322A81F7927BA005123FB /* Message.h */,
				A98322A91F7927BA005123FB /* Message.m */,
				A98322AB1F7927E0005123FB /* Activity.h */,
				A98322AC1F7927E0005123FB /* Activity.m */,
			);
			name = UtitlityInterfaces;
			sourceTree = "<group>";
		};
		A98322B81F794BC9005123FB /* Resource */ = {
			isa = PBXGroup;
			children = (
				A98322B91F794BE2005123FB /* right-arrow@1x.png */,
				A98322BA1F794BE2005123FB /* right-arrow@2x.png */,
				A98322BB1F794BE2005123FB /* right-arrow@3x.png */,
			);
			name = Resource;
			sourceTree = "<group>";
		};
		A98322C21F7953DA005123FB /* QR */ = {
			isa = PBXGroup;
			children = (
				A98322BF1F79538E005123FB /* QRCodeViewController.m */,
				A98322C61F79743B005123FB /* happy.png */,
				A98322C01F79538E005123FB /* QRCodeViewController.h */,
				A98322C41F7971C6005123FB /* QRCodeViewController.xib */,
			);
			name = QR;
			sourceTree = "<group>";
		};
		A98322C31F795424005123FB /* Details */ = {
			isa = PBXGroup;
			children = (
				A9C48A0A1F7FB118007780F9 /* DetailViewController.h */,
				A9C48A0B1F7FB118007780F9 /* DetailViewController.m */,
				A9C48A0C1F7FB118007780F9 /* DetailViewController.xib */,
			);
			name = Details;
			sourceTree = "<group>";
		};
		A9C48A171F7FBA81007780F9 /* Logins */ = {
			isa = PBXGroup;
			children = (
				A9C48A181F7FBAA4007780F9 /* LoginViewController.h */,
				A9C48A191F7FBAA4007780F9 /* LoginViewController.m */,
				A9C48A1A1F7FBAA4007780F9 /* LoginViewController.xib */,
			);
			name = Logins;
			sourceTree = "<group>";
		};
		A9C48A271F7FE2DC007780F9 /* Navigation */ = {
			isa = PBXGroup;
			children = (
				A9C48A281F7FE304007780F9 /* TestNavigationViewController.h */,
				A9C48A291F7FE304007780F9 /* TestNavigationViewController.m */,
			);
			name = Navigation;
			sourceTree = "<group>";
		};
		A9C48A381F7FE96D007780F9 /* LanguageManager */ = {
			isa = PBXGroup;
			children = (
				A9C48A391F7FE985007780F9 /* ios_language_mgr */,
			);
			name = LanguageManager;
			sourceTree = "<group>";
		};
		A9C48A391F7FE985007780F9 /* ios_language_mgr */ = {
			isa = PBXGroup;
			children = (
				A9C48A3A1F7FE985007780F9 /* Defines.h */,
				A9C48A3B1F7FE985007780F9 /* LanguageManager.h */,
				A9C48A3C1F7FE985007780F9 /* LanguageManager.m */,
				A9C48A3D1F7FE985007780F9 /* NSBundle+Language.h */,
				A9C48A3E1F7FE985007780F9 /* NSBundle+Language.m */,
			);
			path = ios_language_mgr;
			sourceTree = "<group>";
		};
		A9C48A411F7FEA2F007780F9 /* Settings */ = {
			isa = PBXGroup;
			children = (
				A9C48A421F7FEA59007780F9 /* SettingsViewController.h */,
				A9C48A431F7FEA59007780F9 /* SettingsViewController.m */,
				A9C48A491F7FEAE5007780F9 /* SettingsViewController.xib */,
			);
			name = Settings;
			sourceTree = "<group>";
		};
		A9CD3DDC1F79090E00D3698C = {
			isa = PBXGroup;
			children = (
				A9CD3DE71F79090F00D3698C /* TestApp */,
				A9CD3E011F79090F00D3698C /* TestAppTests */,
				A9CD3E0C1F79090F00D3698C /* TestAppUITests */,
				A9CD3DE61F79090F00D3698C /* Products */,
				869D155276AF9EC6F921DC5F /* Pods */,
				3DCE4E40206BBD95490DA5D8 /* Frameworks */,
			);
			sourceTree = "<group>";
		};
		A9CD3DE61F79090F00D3698C /* Products */ = {
			isa = PBXGroup;
			children = (
				A9CD3DE51F79090F00D3698C /* TestApp.app */,
				A9CD3DFE1F79090F00D3698C /* TestAppTests.xctest */,
				A9CD3E091F79090F00D3698C /* TestAppUITests.xctest */,
			);
			name = Products;
			sourceTree = "<group>";
		};
		A9CD3DE71F79090F00D3698C /* TestApp */ = {
			isa = PBXGroup;
			children = (
				A9C48A261F7FD8DD007780F9 /* TestApp.entitlements */,
				A98322B81F794BC9005123FB /* Resource */,
				A983229F1F7925DD005123FB /* Wrappers */,
				A98322901F79250B005123FB /* ApiClient */,
				A983228F1F7924FD005123FB /* ViewControllers */,
				A983228E1F7924E8005123FB /* Services */,
				A9C48A381F7FE96D007780F9 /* LanguageManager */,
				A983228D1F7924D9005123FB /* Configurator */,
				A9CD3DEB1F79090F00D3698C /* AppDelegate.h */,
				A98322A01F792608005123FB /* AppDelegate.m */,
				A9CD3DF41F79090F00D3698C /* Assets.xcassets */,
				A9CD3DF61F79090F00D3698C /* LaunchScreen.storyboard */,
				A9C48A331F7FE825007780F9 /* Localizable.strings */,
				A9CD3DF91F79090F00D3698C /* Info.plist */,
				A9CD3DE81F79090F00D3698C /* Supporting Files */,
			);
			path = TestApp;
			sourceTree = "<group>";
		};
		A9CD3DE81F79090F00D3698C /* Supporting Files */ = {
			isa = PBXGroup;
			children = (
				A9CD3DE91F79090F00D3698C /* main.m */,
			);
			name = "Supporting Files";
			sourceTree = "<group>";
		};
		A9CD3E011F79090F00D3698C /* TestAppTests */ = {
			isa = PBXGroup;
			children = (
				A9CD3E021F79090F00D3698C /* TestAppTests.m */,
				A9CD3E041F79090F00D3698C /* Info.plist */,
			);
			path = TestAppTests;
			sourceTree = "<group>";
		};
		A9CD3E0C1F79090F00D3698C /* TestAppUITests */ = {
			isa = PBXGroup;
			children = (
				A9CD3E0D1F79090F00D3698C /* TestAppUITests.m */,
				A9CD3E0F1F79090F00D3698C /* Info.plist */,
			);
			path = TestAppUITests;
			sourceTree = "<group>";
		};
/* End PBXGroup section */

/* Begin PBXNativeTarget section */
		A9CD3DE41F79090F00D3698C /* TestApp */ = {
			isa = PBXNativeTarget;
			buildConfigurationList = A9CD3E121F79090F00D3698C /* Build configuration list for PBXNativeTarget "TestApp" */;
			buildPhases = (
				D11867F3C28ECBBFEB604373 /* [CP] Check Pods Manifest.lock */,
				A9CD3DE11F79090F00D3698C /* Sources */,
				A9CD3DE21F79090F00D3698C /* Frameworks */,
				A9CD3DE31F79090F00D3698C /* Resources */,
				A3CC944B5E68AB83732CB881 /* [CP] Embed Pods Frameworks */,
				9E0CFCF5F6CA2472C2936D1C /* [CP] Copy Pods Resources */,
			);
			buildRules = (
			);
			dependencies = (
			);
			name = TestApp;
			productName = TestApp;
			productReference = A9CD3DE51F79090F00D3698C /* TestApp.app */;
			productType = "com.apple.product-type.application";
		};
		A9CD3DFD1F79090F00D3698C /* TestAppTests */ = {
			isa = PBXNativeTarget;
			buildConfigurationList = A9CD3E151F79090F00D3698C /* Build configuration list for PBXNativeTarget "TestAppTests" */;
			buildPhases = (
				F39732361F90824CC3EBDCC8 /* [CP] Check Pods Manifest.lock */,
				A9CD3DFA1F79090F00D3698C /* Sources */,
				A9CD3DFB1F79090F00D3698C /* Frameworks */,
				A9CD3DFC1F79090F00D3698C /* Resources */,
				5EC65ED02D668948C8401D05 /* [CP] Embed Pods Frameworks */,
				BF73FF911162000717F6633A /* [CP] Copy Pods Resources */,
			);
			buildRules = (
			);
			dependencies = (
				A9CD3E001F79090F00D3698C /* PBXTargetDependency */,
			);
			name = TestAppTests;
			productName = TestAppTests;
			productReference = A9CD3DFE1F79090F00D3698C /* TestAppTests.xctest */;
			productType = "com.apple.product-type.bundle.unit-test";
		};
		A9CD3E081F79090F00D3698C /* TestAppUITests */ = {
			isa = PBXNativeTarget;
			buildConfigurationList = A9CD3E181F79090F00D3698C /* Build configuration list for PBXNativeTarget "TestAppUITests" */;
			buildPhases = (
				AA7092D66B99026335657062 /* [CP] Check Pods Manifest.lock */,
				A9CD3E051F79090F00D3698C /* Sources */,
				A9CD3E061F79090F00D3698C /* Frameworks */,
				A9CD3E071F79090F00D3698C /* Resources */,
				5BB214DCC3C749FED7C06408 /* [CP] Embed Pods Frameworks */,
				BB00CF65CEE12115017A60C2 /* [CP] Copy Pods Resources */,
			);
			buildRules = (
			);
			dependencies = (
				A9CD3E0B1F79090F00D3698C /* PBXTargetDependency */,
			);
			name = TestAppUITests;
			productName = TestAppUITests;
			productReference = A9CD3E091F79090F00D3698C /* TestAppUITests.xctest */;
			productType = "com.apple.product-type.bundle.ui-testing";
		};
/* End PBXNativeTarget section */

/* Begin PBXProject section */
		A9CD3DDD1F79090F00D3698C /* Project object */ = {
			isa = PBXProject;
			attributes = {
				LastUpgradeCheck = 0830;
				ORGANIZATIONNAME = vinsi;
				TargetAttributes = {
					A9CD3DE41F79090F00D3698C = {
						CreatedOnToolsVersion = 8.3.3;
						DevelopmentTeam = SND8Y8H4KF;
						ProvisioningStyle = Manual;
						SystemCapabilities = {
							com.apple.Keychain = {
								enabled = 1;
							};
						};
					};
					A9CD3DFD1F79090F00D3698C = {
						CreatedOnToolsVersion = 8.3.3;
						DevelopmentTeam = T47326VQCW;
						ProvisioningStyle = Automatic;
						TestTargetID = A9CD3DE41F79090F00D3698C;
					};
					A9CD3E081F79090F00D3698C = {
						CreatedOnToolsVersion = 8.3.3;
						DevelopmentTeam = T47326VQCW;
						ProvisioningStyle = Automatic;
						TestTargetID = A9CD3DE41F79090F00D3698C;
					};
				};
			};
			buildConfigurationList = A9CD3DE01F79090F00D3698C /* Build configuration list for PBXProject "TestApp" */;
			compatibilityVersion = "Xcode 3.2";
			developmentRegion = English;
			hasScannedForEncodings = 0;
			knownRegions = (
				en,
				Base,
				ar,
				"ml-IN",
				"hi-IN",
			);
			mainGroup = A9CD3DDC1F79090E00D3698C;
			productRefGroup = A9CD3DE61F79090F00D3698C /* Products */;
			projectDirPath = "";
			projectRoot = "";
			targets = (
				A9CD3DE41F79090F00D3698C /* TestApp */,
				A9CD3DFD1F79090F00D3698C /* TestAppTests */,
				A9CD3E081F79090F00D3698C /* TestAppUITests */,
			);
		};
/* End PBXProject section */

/* Begin PBXResourcesBuildPhase section */
		A9CD3DE31F79090F00D3698C /* Resources */ = {
			isa = PBXResourcesBuildPhase;
			buildActionMask = 2147483647;
			files = (
				A9C48A471F7FEAE5007780F9 /* SettingsViewController.xib in Resources */,
				A9CD3DF81F79090F00D3698C /* LaunchScreen.storyboard in Resources */,
				A9C48A311F7FE825007780F9 /* Localizable.strings in Resources */,
				A983229A1F792576005123FB /* ListCellTableViewCell.xib in Resources */,
				A9C48A1C1F7FBAA4007780F9 /* LoginViewController.xib in Resources */,
				A98322BC1F794BE2005123FB /* right-arrow@1x.png in Resources */,
				A98322BD1F794BE2005123FB /* right-arrow@2x.png in Resources */,
				A9CD3DF51F79090F00D3698C /* Assets.xcassets in Resources */,
				A98322951F792557005123FB /* ListViewController.xib in Resources */,
				A98322C51F7971C7005123FB /* QRCodeViewController.xib in Resources */,
				A9C48A0E1F7FB118007780F9 /* DetailViewController.xib in Resources */,
				A98322BE1F794BE2005123FB /* right-arrow@3x.png in Resources */,
				A98322C71F79743B005123FB /* happy.png in Resources */,
			);
			runOnlyForDeploymentPostprocessing = 0;
		};
		A9CD3DFC1F79090F00D3698C /* Resources */ = {
			isa = PBXResourcesBuildPhase;
			buildActionMask = 2147483647;
			files = (
			);
			runOnlyForDeploymentPostprocessing = 0;
		};
		A9CD3E071F79090F00D3698C /* Resources */ = {
			isa = PBXResourcesBuildPhase;
			buildActionMask = 2147483647;
			files = (
			);
			runOnlyForDeploymentPostprocessing = 0;
		};
/* End PBXResourcesBuildPhase section */

/* Begin PBXShellScriptBuildPhase section */
		5BB214DCC3C749FED7C06408 /* [CP] Embed Pods Frameworks */ = {
			isa = PBXShellScriptBuildPhase;
			buildActionMask = 2147483647;
			files = (
			);
			inputPaths = (
			);
			name = "[CP] Embed Pods Frameworks";
			outputPaths = (
			);
			runOnlyForDeploymentPostprocessing = 0;
			shellPath = /bin/sh;
			shellScript = "\"${SRCROOT}/Pods/Target Support Files/Pods-TestAppUITests/Pods-TestAppUITests-frameworks.sh\"\n";
			showEnvVarsInLog = 0;
		};
		5EC65ED02D668948C8401D05 /* [CP] Embed Pods Frameworks */ = {
			isa = PBXShellScriptBuildPhase;
			buildActionMask = 2147483647;
			files = (
			);
			inputPaths = (
			);
			name = "[CP] Embed Pods Frameworks";
			outputPaths = (
			);
			runOnlyForDeploymentPostprocessing = 0;
			shellPath = /bin/sh;
			shellScript = "\"${SRCROOT}/Pods/Target Support Files/Pods-TestAppTests/Pods-TestAppTests-frameworks.sh\"\n";
			showEnvVarsInLog = 0;
		};
		9E0CFCF5F6CA2472C2936D1C /* [CP] Copy Pods Resources */ = {
			isa = PBXShellScriptBuildPhase;
			buildActionMask = 2147483647;
			files = (
			);
			inputPaths = (
			);
			name = "[CP] Copy Pods Resources";
			outputPaths = (
			);
			runOnlyForDeploymentPostprocessing = 0;
			shellPath = /bin/sh;
			shellScript = "\"${SRCROOT}/Pods/Target Support Files/Pods-TestApp/Pods-TestApp-resources.sh\"\n";
			showEnvVarsInLog = 0;
		};
		A3CC944B5E68AB83732CB881 /* [CP] Embed Pods Frameworks */ = {
			isa = PBXShellScriptBuildPhase;
			buildActionMask = 2147483647;
			files = (
			);
			inputPaths = (
			);
			name = "[CP] Embed Pods Frameworks";
			outputPaths = (
			);
			runOnlyForDeploymentPostprocessing = 0;
			shellPath = /bin/sh;
			shellScript = "\"${SRCROOT}/Pods/Target Support Files/Pods-TestApp/Pods-TestApp-frameworks.sh\"\n";
			showEnvVarsInLog = 0;
		};
		AA7092D66B99026335657062 /* [CP] Check Pods Manifest.lock */ = {
			isa = PBXShellScriptBuildPhase;
			buildActionMask = 2147483647;
			files = (
			);
			inputPaths = (
			);
			name = "[CP] Check Pods Manifest.lock";
			outputPaths = (
			);
			runOnlyForDeploymentPostprocessing = 0;
			shellPath = /bin/sh;
			shellScript = "diff \"${PODS_PODFILE_DIR_PATH}/Podfile.lock\" \"${PODS_ROOT}/Manifest.lock\" > /dev/null\nif [ $? != 0 ] ; then\n    # print error to STDERR\n    echo \"error: The sandbox is not in sync with the Podfile.lock. Run 'pod install' or update your CocoaPods installation.\" >&2\n    exit 1\nfi\n";
			showEnvVarsInLog = 0;
		};
		BB00CF65CEE12115017A60C2 /* [CP] Copy Pods Resources */ = {
			isa = PBXShellScriptBuildPhase;
			buildActionMask = 2147483647;
			files = (
			);
			inputPaths = (
			);
			name = "[CP] Copy Pods Resources";
			outputPaths = (
			);
			runOnlyForDeploymentPostprocessing = 0;
			shellPath = /bin/sh;
			shellScript = "\"${SRCROOT}/Pods/Target Support Files/Pods-TestAppUITests/Pods-TestAppUITests-resources.sh\"\n";
			showEnvVarsInLog = 0;
		};
		BF73FF911162000717F6633A /* [CP] Copy Pods Resources */ = {
			isa = PBXShellScriptBuildPhase;
			buildActionMask = 2147483647;
			files = (
			);
			inputPaths = (
			);
			name = "[CP] Copy Pods Resources";
			outputPaths = (
			);
			runOnlyForDeploymentPostprocessing = 0;
			shellPath = /bin/sh;
			shellScript = "\"${SRCROOT}/Pods/Target Support Files/Pods-TestAppTests/Pods-TestAppTests-resources.sh\"\n";
			showEnvVarsInLog = 0;
		};
		D11867F3C28ECBBFEB604373 /* [CP] Check Pods Manifest.lock */ = {
			isa = PBXShellScriptBuildPhase;
			buildActionMask = 2147483647;
			files = (
			);
			inputPaths = (
			);
			name = "[CP] Check Pods Manifest.lock";
			outputPaths = (
			);
			runOnlyForDeploymentPostprocessing = 0;
			shellPath = /bin/sh;
			shellScript = "diff \"${PODS_PODFILE_DIR_PATH}/Podfile.lock\" \"${PODS_ROOT}/Manifest.lock\" > /dev/null\nif [ $? != 0 ] ; then\n    # print error to STDERR\n    echo \"error: The sandbox is not in sync with the Podfile.lock. Run 'pod install' or update your CocoaPods installation.\" >&2\n    exit 1\nfi\n";
			showEnvVarsInLog = 0;
		};
		F39732361F90824CC3EBDCC8 /* [CP] Check Pods Manifest.lock */ = {
			isa = PBXShellScriptBuildPhase;
			buildActionMask = 2147483647;
			files = (
			);
			inputPaths = (
			);
			name = "[CP] Check Pods Manifest.lock";
			outputPaths = (
			);
			runOnlyForDeploymentPostprocessing = 0;
			shellPath = /bin/sh;
			shellScript = "diff \"${PODS_PODFILE_DIR_PATH}/Podfile.lock\" \"${PODS_ROOT}/Manifest.lock\" > /dev/null\nif [ $? != 0 ] ; then\n    # print error to STDERR\n    echo \"error: The sandbox is not in sync with the Podfile.lock. Run 'pod install' or update your CocoaPods installation.\" >&2\n    exit 1\nfi\n";
			showEnvVarsInLog = 0;
		};
/* End PBXShellScriptBuildPhase section */

/* Begin PBXSourcesBuildPhase section */
		A9CD3DE11F79090F00D3698C /* Sources */ = {
			isa = PBXSourcesBuildPhase;
			buildActionMask = 2147483647;
			files = (
				A98322A71F792654005123FB /* IQKeyboardService.m in Sources */,
				A93488351F7BF317006D4467 /* ItemModal.m in Sources */,
				A98322991F792576005123FB /* ListCellTableViewCell.m in Sources */,
				A98322C11F79538E005123FB /* QRCodeViewController.m in Sources */,
				A98322AD1F7927E0005123FB /* Activity.m in Sources */,
				A9C48A0D1F7FB118007780F9 /* DetailViewController.m in Sources */,
				A9C48A451F7FEA59007780F9 /* SettingsViewController.m in Sources */,
				A98322B01F792800005123FB /* Configurator.m in Sources */,
				A9C48A1B1F7FBAA4007780F9 /* LoginViewController.m in Sources */,
				A9C48A121F7FB95D007780F9 /* FaceBookService.m in Sources */,
				A9CD3DEA1F79090F00D3698C /* main.m in Sources */,
				A98322B31F79285A005123FB /* APIClient.m in Sources */,
				A98322AA1F7927BA005123FB /* Message.m in Sources */,
				A983229E1F7925D9005123FB /* ServicesDispatcher.m in Sources */,
				A98322941F792557005123FB /* ListViewController.m in Sources */,
				A98322A11F792608005123FB /* AppDelegate.m in Sources */,
				A98322B61F7928CB005123FB /* RootControllerService.m in Sources */,
				A9C48A401F7FE985007780F9 /* NSBundle+Language.m in Sources */,
				A9C48A2A1F7FE304007780F9 /* TestNavigationViewController.m in Sources */,
				A93488321F7BF128006D4467 /* ItemsResponseModal.m in Sources */,
				A9C48A3F1F7FE985007780F9 /* LanguageManager.m in Sources */,
			);
			runOnlyForDeploymentPostprocessing = 0;
		};
		A9CD3DFA1F79090F00D3698C /* Sources */ = {
			isa = PBXSourcesBuildPhase;
			buildActionMask = 2147483647;
			files = (
				A9CD3E031F79090F00D3698C /* TestAppTests.m in Sources */,
			);
			runOnlyForDeploymentPostprocessing = 0;
		};
		A9CD3E051F79090F00D3698C /* Sources */ = {
			isa = PBXSourcesBuildPhase;
			buildActionMask = 2147483647;
			files = (
				A9CD3E0E1F79090F00D3698C /* TestAppUITests.m in Sources */,
			);
			runOnlyForDeploymentPostprocessing = 0;
		};
/* End PBXSourcesBuildPhase section */

/* Begin PBXTargetDependency section */
		A9CD3E001F79090F00D3698C /* PBXTargetDependency */ = {
			isa = PBXTargetDependency;
			target = A9CD3DE41F79090F00D3698C /* TestApp */;
			targetProxy = A9CD3DFF1F79090F00D3698C /* PBXContainerItemProxy */;
		};
		A9CD3E0B1F79090F00D3698C /* PBXTargetDependency */ = {
			isa = PBXTargetDependency;
			target = A9CD3DE41F79090F00D3698C /* TestApp */;
			targetProxy = A9CD3E0A1F79090F00D3698C /* PBXContainerItemProxy */;
		};
/* End PBXTargetDependency section */

/* Begin PBXVariantGroup section */
		A9C48A331F7FE825007780F9 /* Localizable.strings */ = {
			isa = PBXVariantGroup;
			children = (
				A9C48A321F7FE825007780F9 /* Base */,
				A9C48A341F7FE833007780F9 /* en */,
				A9C48A351F7FE834007780F9 /* ar */,
				A9C48A361F7FE835007780F9 /* ml-IN */,
				A9C48A371F7FE836007780F9 /* hi-IN */,
			);
			name = Localizable.strings;
			path = ..;
			sourceTree = "<group>";
		};
		A9C48A491F7FEAE5007780F9 /* SettingsViewController.xib */ = {
			isa = PBXVariantGroup;
			children = (
				A9C48A481F7FEAE5007780F9 /* Base */,
				A9C48A4B1F7FEAF6007780F9 /* en */,
				A9C48A4D1F7FEAF7007780F9 /* ar */,
				A9C48A4F1F7FEAF8007780F9 /* ml-IN */,
				A9C48A511F7FEAFC007780F9 /* hi-IN */,
			);
			name = SettingsViewController.xib;
			sourceTree = "<group>";
		};
		A9CD3DF61F79090F00D3698C /* LaunchScreen.storyboard */ = {
			isa = PBXVariantGroup;
			children = (
				A9CD3DF71F79090F00D3698C /* Base */,
				A9C48A2E1F7FE6CC007780F9 /* ar */,
				A9C48A2F1F7FE6FC007780F9 /* ml-IN */,
				A9C48A301F7FE717007780F9 /* hi-IN */,
			);
			name = LaunchScreen.storyboard;
			sourceTree = "<group>";
		};
/* End PBXVariantGroup section */

/* Begin XCBuildConfiguration section */
		A9CD3E101F79090F00D3698C /* Debug */ = {
			isa = XCBuildConfiguration;
			buildSettings = {
				ALWAYS_SEARCH_USER_PATHS = NO;
				CLANG_ANALYZER_LOCALIZABILITY_NONLOCALIZED = YES;
				CLANG_ANALYZER_NONNULL = YES;
				CLANG_ANALYZER_NUMBER_OBJECT_CONVERSION = YES_AGGRESSIVE;
				CLANG_CXX_LANGUAGE_STANDARD = "gnu++0x";
				CLANG_CXX_LIBRARY = "libc++";
				CLANG_ENABLE_MODULES = YES;
				CLANG_ENABLE_OBJC_ARC = YES;
				CLANG_WARN_BOOL_CONVERSION = YES;
				CLANG_WARN_CONSTANT_CONVERSION = YES;
				CLANG_WARN_DIRECT_OBJC_ISA_USAGE = YES_ERROR;
				CLANG_WARN_DOCUMENTATION_COMMENTS = YES;
				CLANG_WARN_EMPTY_BODY = YES;
				CLANG_WARN_ENUM_CONVERSION = YES;
				CLANG_WARN_INFINITE_RECURSION = YES;
				CLANG_WARN_INT_CONVERSION = YES;
				CLANG_WARN_OBJC_ROOT_CLASS = YES_ERROR;
				CLANG_WARN_SUSPICIOUS_MOVE = YES;
				CLANG_WARN_UNREACHABLE_CODE = YES;
				CLANG_WARN__DUPLICATE_METHOD_MATCH = YES;
				"CODE_SIGN_IDENTITY[sdk=iphoneos*]" = "iPhone Developer";
				COPY_PHASE_STRIP = NO;
				DEBUG_INFORMATION_FORMAT = dwarf;
				ENABLE_STRICT_OBJC_MSGSEND = YES;
				ENABLE_TESTABILITY = YES;
				GCC_C_LANGUAGE_STANDARD = gnu99;
				GCC_DYNAMIC_NO_PIC = NO;
				GCC_NO_COMMON_BLOCKS = YES;
				GCC_OPTIMIZATION_LEVEL = 0;
				GCC_PREPROCESSOR_DEFINITIONS = (
					"DEBUG=1",
					"$(inherited)",
				);
				GCC_WARN_64_TO_32_BIT_CONVERSION = YES;
				GCC_WARN_ABOUT_RETURN_TYPE = YES_ERROR;
				GCC_WARN_UNDECLARED_SELECTOR = YES;
				GCC_WARN_UNINITIALIZED_AUTOS = YES_AGGRESSIVE;
				GCC_WARN_UNUSED_FUNCTION = YES;
				GCC_WARN_UNUSED_VARIABLE = YES;
				IPHONEOS_DEPLOYMENT_TARGET = 10.3;
				MTL_ENABLE_DEBUG_INFO = YES;
				ONLY_ACTIVE_ARCH = YES;
				SDKROOT = iphoneos;
			};
			name = Debug;
		};
		A9CD3E111F79090F00D3698C /* Release */ = {
			isa = XCBuildConfiguration;
			buildSettings = {
				ALWAYS_SEARCH_USER_PATHS = NO;
				CLANG_ANALYZER_LOCALIZABILITY_NONLOCALIZED = YES;
				CLANG_ANALYZER_NONNULL = YES;
				CLANG_ANALYZER_NUMBER_OBJECT_CONVERSION = YES_AGGRESSIVE;
				CLANG_CXX_LANGUAGE_STANDARD = "gnu++0x";
				CLANG_CXX_LIBRARY = "libc++";
				CLANG_ENABLE_MODULES = YES;
				CLANG_ENABLE_OBJC_ARC = YES;
				CLANG_WARN_BOOL_CONVERSION = YES;
				CLANG_WARN_CONSTANT_CONVERSION = YES;
				CLANG_WARN_DIRECT_OBJC_ISA_USAGE = YES_ERROR;
				CLANG_WARN_DOCUMENTATION_COMMENTS = YES;
				CLANG_WARN_EMPTY_BODY = YES;
				CLANG_WARN_ENUM_CONVERSION = YES;
				CLANG_WARN_INFINITE_RECURSION = YES;
				CLANG_WARN_INT_CONVERSION = YES;
				CLANG_WARN_OBJC_ROOT_CLASS = YES_ERROR;
				CLANG_WARN_SUSPICIOUS_MOVE = YES;
				CLANG_WARN_UNREACHABLE_CODE = YES;
				CLANG_WARN__DUPLICATE_METHOD_MATCH = YES;
				"CODE_SIGN_IDENTITY[sdk=iphoneos*]" = "iPhone Developer";
				COPY_PHASE_STRIP = NO;
				DEBUG_INFORMATION_FORMAT = "dwarf-with-dsym";
				ENABLE_NS_ASSERTIONS = NO;
				ENABLE_STRICT_OBJC_MSGSEND = YES;
				GCC_C_LANGUAGE_STANDARD = gnu99;
				GCC_NO_COMMON_BLOCKS = YES;
				GCC_WARN_64_TO_32_BIT_CONVERSION = YES;
				GCC_WARN_ABOUT_RETURN_TYPE = YES_ERROR;
				GCC_WARN_UNDECLARED_SELECTOR = YES;
				GCC_WARN_UNINITIALIZED_AUTOS = YES_AGGRESSIVE;
				GCC_WARN_UNUSED_FUNCTION = YES;
				GCC_WARN_UNUSED_VARIABLE = YES;
				IPHONEOS_DEPLOYMENT_TARGET = 10.3;
				MTL_ENABLE_DEBUG_INFO = NO;
				SDKROOT = iphoneos;
				VALIDATE_PRODUCT = YES;
			};
			name = Release;
		};
		A9CD3E131F79090F00D3698C /* Debug */ = {
			isa = XCBuildConfiguration;
			baseConfigurationReference = E7CC69A99506B4F2A30204B7 /* Pods-TestApp.debug.xcconfig */;
			buildSettings = {
				ASSETCATALOG_COMPILER_APPICON_NAME = AppIcon;
				CODE_SIGN_ENTITLEMENTS = TestApp/TestApp.entitlements;
				DEVELOPMENT_TEAM = SND8Y8H4KF;
				FRAMEWORK_SEARCH_PATHS = (
					"$(inherited)",
					"$(PROJECT_DIR)",
				);
				INFOPLIST_FILE = TestApp/Info.plist;
				IPHONEOS_DEPLOYMENT_TARGET = 9.2;
				LD_RUNPATH_SEARCH_PATHS = "$(inherited) @executable_path/Frameworks";
				PRODUCT_BUNDLE_IDENTIFIER = com.vinsi.TestApp;
				PRODUCT_NAME = "$(TARGET_NAME)";
				PROVISIONING_PROFILE = "27d061d5-b34c-4fbc-8dad-b367f6f73366";
				PROVISIONING_PROFILE_SPECIFIER = Test_app_Development;
			};
			name = Debug;
		};
		A9CD3E141F79090F00D3698C /* Release */ = {
			isa = XCBuildConfiguration;
			baseConfigurationReference = CAF4568758C97FDA44ECC794 /* Pods-TestApp.release.xcconfig */;
			buildSettings = {
				ASSETCATALOG_COMPILER_APPICON_NAME = AppIcon;
				CODE_SIGN_ENTITLEMENTS = TestApp/TestApp.entitlements;
				DEVELOPMENT_TEAM = "";
				FRAMEWORK_SEARCH_PATHS = (
					"$(inherited)",
					"$(PROJECT_DIR)",
				);
				INFOPLIST_FILE = TestApp/Info.plist;
				IPHONEOS_DEPLOYMENT_TARGET = 9.2;
				LD_RUNPATH_SEARCH_PATHS = "$(inherited) @executable_path/Frameworks";
				PRODUCT_BUNDLE_IDENTIFIER = com.vinsi.TestApp;
				PRODUCT_NAME = "$(TARGET_NAME)";
				PROVISIONING_PROFILE_SPECIFIER = "";
			};
			name = Release;
		};
		A9CD3E161F79090F00D3698C /* Debug */ = {
			isa = XCBuildConfiguration;
			baseConfigurationReference = 27897C09532786EA79986155 /* Pods-TestAppTests.debug.xcconfig */;
			buildSettings = {
				BUNDLE_LOADER = "$(TEST_HOST)";
				DEVELOPMENT_TEAM = T47326VQCW;
				INFOPLIST_FILE = TestAppTests/Info.plist;
				LD_RUNPATH_SEARCH_PATHS = "$(inherited) @executable_path/Frameworks @loader_path/Frameworks";
				PRODUCT_BUNDLE_IDENTIFIER = com.test.TestAppTests;
				PRODUCT_NAME = "$(TARGET_NAME)";
				TEST_HOST = "$(BUILT_PRODUCTS_DIR)/TestApp.app/TestApp";
			};
			name = Debug;
		};
		A9CD3E171F79090F00D3698C /* Release */ = {
			isa = XCBuildConfiguration;
			baseConfigurationReference = 08119A597E4C1F9D1BC99893 /* Pods-TestAppTests.release.xcconfig */;
			buildSettings = {
				BUNDLE_LOADER = "$(TEST_HOST)";
				DEVELOPMENT_TEAM = T47326VQCW;
				INFOPLIST_FILE = TestAppTests/Info.plist;
				LD_RUNPATH_SEARCH_PATHS = "$(inherited) @executable_path/Frameworks @loader_path/Frameworks";
				PRODUCT_BUNDLE_IDENTIFIER = com.test.TestAppTests;
				PRODUCT_NAME = "$(TARGET_NAME)";
				TEST_HOST = "$(BUILT_PRODUCTS_DIR)/TestApp.app/TestApp";
			};
			name = Release;
		};
		A9CD3E191F79090F00D3698C /* Debug */ = {
			isa = XCBuildConfiguration;
			baseConfigurationReference = D9E9D2315A82703D2D36E95E /* Pods-TestAppUITests.debug.xcconfig */;
			buildSettings = {
				DEVELOPMENT_TEAM = T47326VQCW;
				INFOPLIST_FILE = TestAppUITests/Info.plist;
				LD_RUNPATH_SEARCH_PATHS = "$(inherited) @executable_path/Frameworks @loader_path/Frameworks";
				PRODUCT_BUNDLE_IDENTIFIER = com.test.TestAppUITests;
				PRODUCT_NAME = "$(TARGET_NAME)";
				TEST_TARGET_NAME = TestApp;
			};
			name = Debug;
		};
		A9CD3E1A1F79090F00D3698C /* Release */ = {
			isa = XCBuildConfiguration;
			baseConfigurationReference = 2C971E0A33ABB9E287040C5D /* Pods-TestAppUITests.release.xcconfig */;
			buildSettings = {
				DEVELOPMENT_TEAM = T47326VQCW;
				INFOPLIST_FILE = TestAppUITests/Info.plist;
				LD_RUNPATH_SEARCH_PATHS = "$(inherited) @executable_path/Frameworks @loader_path/Frameworks";
				PRODUCT_BUNDLE_IDENTIFIER = com.test.TestAppUITests;
				PRODUCT_NAME = "$(TARGET_NAME)";
				TEST_TARGET_NAME = TestApp;
			};
			name = Release;
		};
/* End XCBuildConfiguration section */

/* Begin XCConfigurationList section */
		A9CD3DE01F79090F00D3698C /* Build configuration list for PBXProject "TestApp" */ = {
			isa = XCConfigurationList;
			buildConfigurations = (
				A9CD3E101F79090F00D3698C /* Debug */,
				A9CD3E111F79090F00D3698C /* Release */,
			);
			defaultConfigurationIsVisible = 0;
			defaultConfigurationName = Release;
		};
		A9CD3E121F79090F00D3698C /* Build configuration list for PBXNativeTarget "TestApp" */ = {
			isa = XCConfigurationList;
			buildConfigurations = (
				A9CD3E131F79090F00D3698C /* Debug */,
				A9CD3E141F79090F00D3698C /* Release */,
			);
			defaultConfigurationIsVisible = 0;
			defaultConfigurationName = Release;
		};
		A9CD3E151F79090F00D3698C /* Build configuration list for PBXNativeTarget "TestAppTests" */ = {
			isa = XCConfigurationList;
			buildConfigurations = (
				A9CD3E161F79090F00D3698C /* Debug */,
				A9CD3E171F79090F00D3698C /* Release */,
			);
			defaultConfigurationIsVisible = 0;
			defaultConfigurationName = Release;
		};
		A9CD3E181F79090F00D3698C /* Build configuration list for PBXNativeTarget "TestAppUITests" */ = {
			isa = XCConfigurationList;
			buildConfigurations = (
				A9CD3E191F79090F00D3698C /* Debug */,
				A9CD3E1A1F79090F00D3698C /* Release */,
			);
			defaultConfigurationIsVisible = 0;
			defaultConfigurationName = Release;
		};
/* End XCConfigurationList section */
	};
	rootObject = A9CD3DDD1F79090F00D3698C /* Project object */;
}
